
Microsoft Visual Studio Solution File, Format Version 12.00
# Visual Studio Version 17
VisualStudioVersion = 17.0.31903.59
MinimumVisualStudioVersion = 10.0.40219.1
Project("{2150E333-8FDC-42A3-9474-1A3956D46DE8}") = "backend", "backend", "{51BA3F93-AFBC-49C5-937A-CAF2F8D643C5}"
EndProject
Project("{FAE04EC0-301F-11D3-BF4B-00C04F79EFBC}") = "RSSFeedReader.Api", "backend\RSSFeedReader.Api\RSSFeedReader.Api.csproj", "{5CA90862-8CEE-4500-BA4B-726D6CA93892}"
EndProject
Project("{2150E333-8FDC-42A3-9474-1A3956D46DE8}") = "frontend", "frontend", "{AAAD10AC-6F04-4F7F-B5AE-96E13CC14C67}"
EndProject
Project("{FAE04EC0-301F-11D3-BF4B-00C04F79EFBC}") = "RSSFeedReader.UI", "frontend\RSSFeedReader.UI\RSSFeedReader.UI.csproj", "{9E471C9C-F6A3-4A22-B880-5CA4261E4477}"
EndProject
Project("{FAE04EC0-301F-11D3-BF4B-00C04F79EFBC}") = "RSSFeedReader.Api.Tests", "backend\RSSFeedReader.Api.Tests\RSSFeedReader.Api.Tests.csproj", "{6BCCA4F8-3720-4084-90EF-63B75FA531AC}"
EndProject
Global
	GlobalSection(SolutionConfigurationPlatforms) = preSolution
		Debug|Any CPU = Debug|Any CPU
		Release|Any CPU = Release|Any CPU
	EndGlobalSection
	GlobalSection(SolutionProperties) = preSolution
		HideSolutionNode = FALSE
	EndGlobalSection
	GlobalSection(ProjectConfigurationPlatforms) = postSolution
		{5CA90862-8CEE-4500-BA4B-726D6CA93892}.Debug|Any CPU.ActiveCfg = Debug|Any CPU
		{5CA90862-8CEE-4500-BA4B-726D6CA93892}.Debug|Any CPU.Build.0 = Debug|Any CPU
		{5CA90862-8CEE-4500-BA4B-726D6CA93892}.Release|Any CPU.ActiveCfg = Release|Any CPU
		{5CA90862-8CEE-4500-BA4B-726D6CA93892}.Release|Any CPU.Build.0 = Release|Any CPU
		{9E471C9C-F6A3-4A22-B880-5CA4261E4477}.Debug|Any CPU.ActiveCfg = Debug|Any CPU
		{9E471C9C-F6A3-4A22-B880-5CA4261E4477}.Debug|Any CPU.Build.0 = Debug|Any CPU
		{9E471C9C-F6A3-4A22-B880-5CA4261E4477}.Release|Any CPU.ActiveCfg = Release|Any CPU
		{9E471C9C-F6A3-4A22-B880-5CA4261E4477}.Release|Any CPU.Build.0 = Release|Any CPU
		{6BCCA4F8-3720-4084-90EF-63B75FA531AC}.Debug|Any CPU.ActiveCfg = Debug|Any CPU
		{6BCCA4F8-3720-4084-90EF-63B75FA531AC}.Debug|Any CPU.Build.0 = Debug|Any CPU
		{6BCCA4F8-3720-4084-90EF-63B75FA531AC}.Release|Any CPU.ActiveCfg = Release|Any CPU
		{6BCCA4F8-3720-4084-90EF-63B75FA531AC}.Release|Any CPU.Build.0 = Release|Any CPU
	EndGlobalSection
	GlobalSection(NestedProjects) = preSolution
		{5CA90862-8CEE-4500-BA4B-726D6CA93892} = {51BA3F93-AFBC-49C5-937A-CAF2F8D643C5}
		{9E471C9C-F6A3-4A22-B880-5CA4261E4477} = {AAAD10AC-6F04-4F7F-B5AE-96E13CC14C67}
		{6BCCA4F8-3720-4084-90EF-63B75FA531AC} = {51BA3F93-AFBC-49C5-937A-CAF2F8D643C5}
	EndGlobalSection
EndGlobal
